
Microsoft Visual Studio Solution File, Format Version 12.00
# Visual Studio 15
VisualStudioVersion = 15.0.28307.106
MinimumVisualStudioVersion = 10.0.40219.1
Project("{9A19103F-16F7-4668-BE54-9A1E7A4F7556}") = "BilletLibrary", "BilletLibrary\BilletLibrary.csproj", "{59D0B87F-8AE2-4E43-AF08-933B87AC125A}"
EndProject
Project("{9A19103F-16F7-4668-BE54-9A1E7A4F7556}") = "BilletUnitTest", "..\BilletUnitTest\BilletUnitTest.csproj", "{0A9679F3-D03E-41A3-ABB3-FF0BF9174F52}"
EndProject
Project("{FAE04EC0-301F-11D3-BF4B-00C04F79EFBC}") = "StoreBaeltLibrary", "StoreBaeltLibrary\StoreBaeltLibrary.csproj", "{587A34A0-48F7-4849-BA51-C11A7FB4A27B}"
EndProject
Global
	GlobalSection(SolutionConfigurationPlatforms) = preSolution
		Debug|Any CPU = Debug|Any CPU
		Release|Any CPU = Release|Any CPU
	EndGlobalSection
	GlobalSection(ProjectConfigurationPlatforms) = postSolution
		{59D0B87F-8AE2-4E43-AF08-933B87AC125A}.Debug|Any CPU.ActiveCfg = Debug|Any CPU
		{59D0B87F-8AE2-4E43-AF08-933B87AC125A}.Debug|Any CPU.Build.0 = Debug|Any CPU
		{59D0B87F-8AE2-4E43-AF08-933B87AC125A}.Release|Any CPU.ActiveCfg = Release|Any CPU
		{59D0B87F-8AE2-4E43-AF08-933B87AC125A}.Release|Any CPU.Build.0 = Release|Any CPU
		{0A9679F3-D03E-41A3-ABB3-FF0BF9174F52}.Debug|Any CPU.ActiveCfg = Debug|Any CPU
		{0A9679F3-D03E-41A3-ABB3-FF0BF9174F52}.Debug|Any CPU.Build.0 = Debug|Any CPU
		{0A9679F3-D03E-41A3-ABB3-FF0BF9174F52}.Release|Any CPU.ActiveCfg = Release|Any CPU
		{0A9679F3-D03E-41A3-ABB3-FF0BF9174F52}.Release|Any CPU.Build.0 = Release|Any CPU
		{587A34A0-48F7-4849-BA51-C11A7FB4A27B}.Debug|Any CPU.ActiveCfg = Debug|Any CPU
		{587A34A0-48F7-4849-BA51-C11A7FB4A27B}.Debug|Any CPU.Build.0 = Debug|Any CPU
		{587A34A0-48F7-4849-BA51-C11A7FB4A27B}.Release|Any CPU.ActiveCfg = Release|Any CPU
		{587A34A0-48F7-4849-BA51-C11A7FB4A27B}.Release|Any CPU.Build.0 = Release|Any CPU
	EndGlobalSection
	GlobalSection(SolutionProperties) = preSolution
		HideSolutionNode = FALSE
	EndGlobalSection
	GlobalSection(ExtensibilityGlobals) = postSolution
		SolutionGuid = {5886BED4-5D9D-4D94-AB75-6F1C2DC01928}
	EndGlobalSection
EndGlobal
